
Microsoft Visual Studio Solution File, Format Version 12.00
# Visual Studio Version 17
VisualStudioVersion = 17.10.34928.147
MinimumVisualStudioVersion = 10.0.40219.1
Project("{8BC9CEB8-8B4A-11D0-8D11-00A0C91BC942}") = "LibraryManagementSystem", "LibraryManagementSystem.vcxproj", "{751D8F5B-8BCC-46E1-9AC6-5B0C30B94F1B}"
EndProject
Project("{FAE04EC0-301F-11D3-BF4B-00C04F79EFBC}") = "LibraryManagementSystem.Domain", "..\LibraryManagementSystem.Domain\LibraryManagementSystem.Domain.csproj", "{5B9D3882-EC3B-466F-B8FC-0495561A36B5}"
EndProject
Project("{FAE04EC0-301F-11D3-BF4B-00C04F79EFBC}") = "LibraryManagementSystem.DataAccess", "..\LibraryManagementSystem.DataAccess\LibraryManagementSystem.DataAccess.csproj", "{632AEA0B-EA69-46C8-86B7-AD0A8DB89CDD}"
EndProject
Project("{FAE04EC0-301F-11D3-BF4B-00C04F79EFBC}") = "LibraryManagementSystem.BusinessLogic", "..\LibraryManagementSystem.BusinessLogic\LibraryManagementSystem.BusinessLogic.csproj", "{058FBEBC-E9F3-45EA-AE09-A87892F57629}"
EndProject
Project("{FAE04EC0-301F-11D3-BF4B-00C04F79EFBC}") = "LibraryManagementSystem.Presentation", "..\LibraryManagementSystem.Presentation\LibraryManagementSystem.Presentation.csproj", "{C942FC22-6F0B-414B-A022-E847A232ED39}"
EndProject
Global
	GlobalSection(SolutionConfigurationPlatforms) = preSolution
		Debug|Any CPU = Debug|Any CPU
		Debug|x64 = Debug|x64
		Debug|x86 = Debug|x86
		Release|Any CPU = Release|Any CPU
		Release|x64 = Release|x64
		Release|x86 = Release|x86
	EndGlobalSection
	GlobalSection(ProjectConfigurationPlatforms) = postSolution
		{751D8F5B-8BCC-46E1-9AC6-5B0C30B94F1B}.Debug|Any CPU.ActiveCfg = Debug|x64
		{751D8F5B-8BCC-46E1-9AC6-5B0C30B94F1B}.Debug|Any CPU.Build.0 = Debug|x64
		{751D8F5B-8BCC-46E1-9AC6-5B0C30B94F1B}.Debug|x64.ActiveCfg = Debug|x64
		{751D8F5B-8BCC-46E1-9AC6-5B0C30B94F1B}.Debug|x64.Build.0 = Debug|x64
		{751D8F5B-8BCC-46E1-9AC6-5B0C30B94F1B}.Debug|x86.ActiveCfg = Debug|Win32
		{751D8F5B-8BCC-46E1-9AC6-5B0C30B94F1B}.Debug|x86.Build.0 = Debug|Win32
		{751D8F5B-8BCC-46E1-9AC6-5B0C30B94F1B}.Release|Any CPU.ActiveCfg = Release|x64
		{751D8F5B-8BCC-46E1-9AC6-5B0C30B94F1B}.Release|Any CPU.Build.0 = Release|x64
		{751D8F5B-8BCC-46E1-9AC6-5B0C30B94F1B}.Release|x64.ActiveCfg = Release|x64
		{751D8F5B-8BCC-46E1-9AC6-5B0C30B94F1B}.Release|x64.Build.0 = Release|x64
		{751D8F5B-8BCC-46E1-9AC6-5B0C30B94F1B}.Release|x86.ActiveCfg = Release|Win32
		{751D8F5B-8BCC-46E1-9AC6-5B0C30B94F1B}.Release|x86.Build.0 = Release|Win32
		{5B9D3882-EC3B-466F-B8FC-0495561A36B5}.Debug|Any CPU.ActiveCfg = Debug|Any CPU
		{5B9D3882-EC3B-466F-B8FC-0495561A36B5}.Debug|Any CPU.Build.0 = Debug|Any CPU
		{5B9D3882-EC3B-466F-B8FC-0495561A36B5}.Debug|x64.ActiveCfg = Debug|Any CPU
		{5B9D3882-EC3B-466F-B8FC-0495561A36B5}.Debug|x64.Build.0 = Debug|Any CPU
		{5B9D3882-EC3B-466F-B8FC-0495561A36B5}.Debug|x86.ActiveCfg = Debug|Any CPU
		{5B9D3882-EC3B-466F-B8FC-0495561A36B5}.Debug|x86.Build.0 = Debug|Any CPU
		{5B9D3882-EC3B-466F-B8FC-0495561A36B5}.Release|Any CPU.ActiveCfg = Release|Any CPU
		{5B9D3882-EC3B-466F-B8FC-0495561A36B5}.Release|Any CPU.Build.0 = Release|Any CPU
		{5B9D3882-EC3B-466F-B8FC-0495561A36B5}.Release|x64.ActiveCfg = Release|Any CPU
		{5B9D3882-EC3B-466F-B8FC-0495561A36B5}.Release|x64.Build.0 = Release|Any CPU
		{5B9D3882-EC3B-466F-B8FC-0495561A36B5}.Release|x86.ActiveCfg = Release|Any CPU
		{5B9D3882-EC3B-466F-B8FC-0495561A36B5}.Release|x86.Build.0 = Release|Any CPU
		{632AEA0B-EA69-46C8-86B7-AD0A8DB89CDD}.Debug|Any CPU.ActiveCfg = Debug|Any CPU
		{632AEA0B-EA69-46C8-86B7-AD0A8DB89CDD}.Debug|Any CPU.Build.0 = Debug|Any CPU
		{632AEA0B-EA69-46C8-86B7-AD0A8DB89CDD}.Debug|x64.ActiveCfg = Debug|Any CPU
		{632AEA0B-EA69-46C8-86B7-AD0A8DB89CDD}.Debug|x64.Build.0 = Debug|Any CPU
		{632AEA0B-EA69-46C8-86B7-AD0A8DB89CDD}.Debug|x86.ActiveCfg = Debug|Any CPU
		{632AEA0B-EA69-46C8-86B7-AD0A8DB89CDD}.Debug|x86.Build.0 = Debug|Any CPU
		{632AEA0B-EA69-46C8-86B7-AD0A8DB89CDD}.Release|Any CPU.ActiveCfg = Release|Any CPU
		{632AEA0B-EA69-46C8-86B7-AD0A8DB89CDD}.Release|Any CPU.Build.0 = Release|Any CPU
		{632AEA0B-EA69-46C8-86B7-AD0A8DB89CDD}.Release|x64.ActiveCfg = Release|Any CPU
		{632AEA0B-EA69-46C8-86B7-AD0A8DB89CDD}.Release|x64.Build.0 = Release|Any CPU
		{632AEA0B-EA69-46C8-86B7-AD0A8DB89CDD}.Release|x86.ActiveCfg = Release|Any CPU
		{632AEA0B-EA69-46C8-86B7-AD0A8DB89CDD}.Release|x86.Build.0 = Release|Any CPU
		{058FBEBC-E9F3-45EA-AE09-A87892F57629}.Debug|Any CPU.ActiveCfg = Debug|Any CPU
		{058FBEBC-E9F3-45EA-AE09-A87892F57629}.Debug|Any CPU.Build.0 = Debug|Any CPU
		{058FBEBC-E9F3-45EA-AE09-A87892F57629}.Debug|x64.ActiveCfg = Debug|Any CPU
		{058FBEBC-E9F3-45EA-AE09-A87892F57629}.Debug|x64.Build.0 = Debug|Any CPU
		{058FBEBC-E9F3-45EA-AE09-A87892F57629}.Debug|x86.ActiveCfg = Debug|Any CPU
		{058FBEBC-E9F3-45EA-AE09-A87892F57629}.Debug|x86.Build.0 = Debug|Any CPU
		{058FBEBC-E9F3-45EA-AE09-A87892F57629}.Release|Any CPU.ActiveCfg = Release|Any CPU
		{058FBEBC-E9F3-45EA-AE09-A87892F57629}.Release|Any CPU.Build.0 = Release|Any CPU
		{058FBEBC-E9F3-45EA-AE09-A87892F57629}.Release|x64.ActiveCfg = Release|Any CPU
		{058FBEBC-E9F3-45EA-AE09-A87892F57629}.Release|x64.Build.0 = Release|Any CPU
		{058FBEBC-E9F3-45EA-AE09-A87892F57629}.Release|x86.ActiveCfg = Release|Any CPU
		{058FBEBC-E9F3-45EA-AE09-A87892F57629}.Release|x86.Build.0 = Release|Any CPU
		{C942FC22-6F0B-414B-A022-E847A232ED39}.Debug|Any CPU.ActiveCfg = Debug|Any CPU
		{C942FC22-6F0B-414B-A022-E847A232ED39}.Debug|Any CPU.Build.0 = Debug|Any CPU
		{C942FC22-6F0B-414B-A022-E847A232ED39}.Debug|x64.ActiveCfg = Debug|Any CPU
		{C942FC22-6F0B-414B-A022-E847A232ED39}.Debug|x64.Build.0 = Debug|Any CPU
		{C942FC22-6F0B-414B-A022-E847A232ED39}.Debug|x86.ActiveCfg = Debug|Any CPU
		{C942FC22-6F0B-414B-A022-E847A232ED39}.Debug|x86.Build.0 = Debug|Any CPU
		{C942FC22-6F0B-414B-A022-E847A232ED39}.Release|Any CPU.ActiveCfg = Release|Any CPU
		{C942FC22-6F0B-414B-A022-E847A232ED39}.Release|Any CPU.Build.0 = Release|Any CPU
		{C942FC22-6F0B-414B-A022-E847A232ED39}.Release|x64.ActiveCfg = Release|Any CPU
		{C942FC22-6F0B-414B-A022-E847A232ED39}.Release|x64.Build.0 = Release|Any CPU
		{C942FC22-6F0B-414B-A022-E847A232ED39}.Release|x86.ActiveCfg = Release|Any CPU
		{C942FC22-6F0B-414B-A022-E847A232ED39}.Release|x86.Build.0 = Release|Any CPU
	EndGlobalSection
	GlobalSection(SolutionProperties) = preSolution
		HideSolutionNode = FALSE
	EndGlobalSection
	GlobalSection(ExtensibilityGlobals) = postSolution
		SolutionGuid = {B19558AF-B412-4C11-874E-F0DC18D56A6F}
	EndGlobalSection
EndGlobal
